
Microsoft Visual Studio Solution File, Format Version 12.00
# Visual Studio 15
VisualStudioVersion = 15.0.28307.438
MinimumVisualStudioVersion = 10.0.40219.1
Project("{FAE04EC0-301F-11D3-BF4B-00C04F79EFBC}") = "CSharpCafe", "CSharpCafe\CSharpCafe.csproj", "{AD33974A-FCC3-4AF7-8089-03B4B63EDDFC}"
EndProject
Global
	GlobalSection(SolutionConfigurationPlatforms) = preSolution
		Debug|Any CPU = Debug|Any CPU
		Release|Any CPU = Release|Any CPU
	EndGlobalSection
	GlobalSection(ProjectConfigurationPlatforms) = postSolution
		{AD33974A-FCC3-4AF7-8089-03B4B63EDDFC}.Debug|Any CPU.ActiveCfg = Debug|Any CPU
		{AD33974A-FCC3-4AF7-8089-03B4B63EDDFC}.Debug|Any CPU.Build.0 = Debug|Any CPU
		{AD33974A-FCC3-4AF7-8089-03B4B63EDDFC}.Release|Any CPU.ActiveCfg = Release|Any CPU
		{AD33974A-FCC3-4AF7-8089-03B4B63EDDFC}.Release|Any CPU.Build.0 = Release|Any CPU
	EndGlobalSection
	GlobalSection(SolutionProperties) = preSolution
		HideSolutionNode = FALSE
	EndGlobalSection
	GlobalSection(ExtensibilityGlobals) = postSolution
		SolutionGuid = {2DAADEBE-ADC1-46D1-8F52-119DF57A1E43}
	EndGlobalSection
EndGlobal
